
Microsoft Visual Studio Solution File, Format Version 11.00
# Visual Studio 2010
Project("{FAE04EC0-301F-11D3-BF4B-00C04F79EFBC}") = "PromptGarten.Domain", "Main\PromptGarten.Domain\PromptGarten.Domain.csproj", "{525787E1-73E3-4A1D-8A67-B4C03ADD24EE}"
EndProject
Project("{FAE04EC0-301F-11D3-BF4B-00C04F79EFBC}") = "PromptGarten.Domain.Test", "Test\PromptGarten.Domain.Test\PromptGarten.Domain.Test.csproj", "{B5D1C659-BB3A-40D4-AA67-BD31FDFB19CA}"
EndProject
Global
	GlobalSection(SolutionConfigurationPlatforms) = preSolution
		Debug|Any CPU = Debug|Any CPU
		Release|Any CPU = Release|Any CPU
	EndGlobalSection
	GlobalSection(ProjectConfigurationPlatforms) = postSolution
		{525787E1-73E3-4A1D-8A67-B4C03ADD24EE}.Debug|Any CPU.ActiveCfg = Debug|Any CPU
		{525787E1-73E3-4A1D-8A67-B4C03ADD24EE}.Debug|Any CPU.Build.0 = Debug|Any CPU
		{525787E1-73E3-4A1D-8A67-B4C03ADD24EE}.Release|Any CPU.ActiveCfg = Release|Any CPU
		{525787E1-73E3-4A1D-8A67-B4C03ADD24EE}.Release|Any CPU.Build.0 = Release|Any CPU
		{B5D1C659-BB3A-40D4-AA67-BD31FDFB19CA}.Debug|Any CPU.ActiveCfg = Debug|Any CPU
		{B5D1C659-BB3A-40D4-AA67-BD31FDFB19CA}.Debug|Any CPU.Build.0 = Debug|Any CPU
		{B5D1C659-BB3A-40D4-AA67-BD31FDFB19CA}.Release|Any CPU.ActiveCfg = Release|Any CPU
		{B5D1C659-BB3A-40D4-AA67-BD31FDFB19CA}.Release|Any CPU.Build.0 = Release|Any CPU
	EndGlobalSection
	GlobalSection(SolutionProperties) = preSolution
		HideSolutionNode = FALSE
	EndGlobalSection
	GlobalSection(NestedProjects) = preSolution
		{B5D1C659-BB3A-40D4-AA67-BD31FDFB19CA} = {42000C89-9DA3-46DE-A9F2-1D6B8149EBB1}
		{525787E1-73E3-4A1D-8A67-B4C03ADD24EE} = {C03E6193-B995-4736-BE56-C50C3979F2A0}
	EndGlobalSection
EndGlobal
